
Microsoft Visual Studio Solution File, Format Version 12.00
# Visual Studio 15
VisualStudioVersion = 15.0.28307.489
MinimumVisualStudioVersion = 10.0.40219.1
Project("{2150E333-8FDC-42A3-9474-1A3956D46DE8}") = "Demo.Domain", "Demo.Domain", "{11C5B52D-5903-46DE-8525-7CBEE6EEF3C7}"
EndProject
Project("{2150E333-8FDC-42A3-9474-1A3956D46DE8}") = "Demo.Web", "Demo.Web", "{2CFDC9C3-A942-43FD-A578-5E9981AF2B42}"
EndProject
Project("{2150E333-8FDC-42A3-9474-1A3956D46DE8}") = "Demo.Infrastructure", "Demo.Infrastructure", "{85B6D18B-8E6A-46EB-8F23-680CDB005983}"
EndProject
Project("{2150E333-8FDC-42A3-9474-1A3956D46DE8}") = "Demo.Appliction", "Demo.Appliction", "{1B356572-7777-4261-B923-2AF96E058223}"
EndProject
Project("{9A19103F-16F7-4668-BE54-9A1E7A4F7556}") = "EntityFrameworkCoreOracle", "EntityFrameworkCoreOracle\EntityFrameworkCoreOracle.csproj", "{955AD643-5E5E-4916-BD07-E60BDD183802}"
EndProject
Project("{9A19103F-16F7-4668-BE54-9A1E7A4F7556}") = "DemoCore", "DemoCore\DemoCore.csproj", "{C9DD1EAD-6AD0-49F1-B985-001FC244DC88}"
EndProject
Project("{FAE04EC0-301F-11D3-BF4B-00C04F79EFBC}") = "DemoWeb", "DemoWeb\DemoWeb.csproj", "{63FF0E5C-1682-49A7-AB47-8035C6F5FC57}"
EndProject
Global
	GlobalSection(SolutionConfigurationPlatforms) = preSolution
		Debug|Any CPU = Debug|Any CPU
		Release|Any CPU = Release|Any CPU
	EndGlobalSection
	GlobalSection(ProjectConfigurationPlatforms) = postSolution
		{955AD643-5E5E-4916-BD07-E60BDD183802}.Debug|Any CPU.ActiveCfg = Debug|Any CPU
		{955AD643-5E5E-4916-BD07-E60BDD183802}.Debug|Any CPU.Build.0 = Debug|Any CPU
		{955AD643-5E5E-4916-BD07-E60BDD183802}.Release|Any CPU.ActiveCfg = Release|Any CPU
		{955AD643-5E5E-4916-BD07-E60BDD183802}.Release|Any CPU.Build.0 = Release|Any CPU
		{C9DD1EAD-6AD0-49F1-B985-001FC244DC88}.Debug|Any CPU.ActiveCfg = Debug|Any CPU
		{C9DD1EAD-6AD0-49F1-B985-001FC244DC88}.Debug|Any CPU.Build.0 = Debug|Any CPU
		{C9DD1EAD-6AD0-49F1-B985-001FC244DC88}.Release|Any CPU.ActiveCfg = Release|Any CPU
		{C9DD1EAD-6AD0-49F1-B985-001FC244DC88}.Release|Any CPU.Build.0 = Release|Any CPU
		{63FF0E5C-1682-49A7-AB47-8035C6F5FC57}.Debug|Any CPU.ActiveCfg = Debug|Any CPU
		{63FF0E5C-1682-49A7-AB47-8035C6F5FC57}.Debug|Any CPU.Build.0 = Debug|Any CPU
		{63FF0E5C-1682-49A7-AB47-8035C6F5FC57}.Release|Any CPU.ActiveCfg = Release|Any CPU
		{63FF0E5C-1682-49A7-AB47-8035C6F5FC57}.Release|Any CPU.Build.0 = Release|Any CPU
	EndGlobalSection
	GlobalSection(SolutionProperties) = preSolution
		HideSolutionNode = FALSE
	EndGlobalSection
	GlobalSection(NestedProjects) = preSolution
		{955AD643-5E5E-4916-BD07-E60BDD183802} = {85B6D18B-8E6A-46EB-8F23-680CDB005983}
		{C9DD1EAD-6AD0-49F1-B985-001FC244DC88} = {11C5B52D-5903-46DE-8525-7CBEE6EEF3C7}
	EndGlobalSection
	GlobalSection(ExtensibilityGlobals) = postSolution
		SolutionGuid = {C85D74A5-C9C5-4D27-8D89-299B1F529E36}
	EndGlobalSection
EndGlobal
